
Microsoft Visual Studio Solution File, Format Version 12.00
Project("{2150E333-8FDC-42A3-9474-1A3956D46DE8}") = "Solution Items", "Solution Items", "{04EEE9A9-E347-4771-A281-EF17427E4A69}"
	ProjectSection(SolutionItems) = preProject
		.gitignore = ../.gitignore
		README.md = ../README.md
	EndProjectSection
EndProject
Project("{2150E333-8FDC-42A3-9474-1A3956D46DE8}") = "src", "src", "{1534D8E2-C967-4666-A5BB-DE5CCD2F324D}"
EndProject
Project("{2150E333-8FDC-42A3-9474-1A3956D46DE8}") = "frontend", "frontend", "{0027BE8B-DA3F-4DFC-8CFE-8AC942CF1E30}"
EndProject
Project("{2150E333-8FDC-42A3-9474-1A3956D46DE8}") = "backend", "backend", "{F5ECAEF0-284C-4724-BCE5-90A9C7726710}"
EndProject
Global
	GlobalSection(SolutionConfigurationPlatforms) = preSolution
		Debug|Any CPU = Debug|Any CPU
		Release|Any CPU = Release|Any CPU
	EndGlobalSection
	GlobalSection(ProjectConfigurationPlatforms) = postSolution
	EndGlobalSection
	GlobalSection(NestedProjects) = preSolution
		{0027BE8B-DA3F-4DFC-8CFE-8AC942CF1E30} = {1534D8E2-C967-4666-A5BB-DE5CCD2F324D}
		{F5ECAEF0-284C-4724-BCE5-90A9C7726710} = {1534D8E2-C967-4666-A5BB-DE5CCD2F324D}
	EndGlobalSection
EndGlobal
